{
  "requires": true,
  "lockfileVersion": 1,
  "dependencies": {
    "@types/jquery": {
      "version": "3.3.5",
      "resolved": "https://registry.npmjs.org/@types/jquery/-/jquery-3.3.5.tgz",
      "integrity": "sha512-18OnkBZ+9pOx8grC2w4i256VS+9j/Ya/N0DcWkZRgPrg7V2oolgk8n7790goBlnChL6nIXAXy1lBTrz/r4lJTg=="
    },
    "dialog-polyfill": {
      "version": "0.4.10",
      "resolved": "https://registry.npmjs.org/dialog-polyfill/-/dialog-polyfill-0.4.10.tgz",
      "integrity": "sha512-j5yGMkP8T00UFgyO+78OxiN5vC5dzRQF3BEio+LhNvDbyfxWBsi3sfPArDm54VloaJwy2hm3erEiDWqHRC8rzw=="
    },
    "firebaseui": {
      "version": "3.2.0",
      "resolved": "https://registry.npmjs.org/firebaseui/-/firebaseui-3.2.0.tgz",
      "integrity": "sha1-lQoE/Z/xjv2PQWlyY4DLfad8RAk=",
      "requires": {
        "dialog-polyfill": "0.4.10"
      }
    },
    "jquery": {
      "version": "3.3.1",
      "resolved": "https://registry.npmjs.org/jquery/-/jquery-3.3.1.tgz",
      "integrity": "sha512-Ubldcmxp5np52/ENotGxlLe6aGMvmF4R8S6tZjsP6Knsaxd/xp3Zrh50cG93lR6nPXyUFwzN3ZSOQI0wRJNdGg=="
    }
  }
}
